
Microsoft Visual Studio Solution File, Format Version 12.00
# Visual Studio Version 16
VisualStudioVersion = 16.0.30413.136
MinimumVisualStudioVersion = 10.0.40219.1
Project("{9A19103F-16F7-4668-BE54-9A1E7A4F7556}") = "Vozila", "Vozila\Vozila.csproj", "{B41B3FF7-78E7-41A5-A4CD-F655B5377F76}"
EndProject
Global
	GlobalSection(SolutionConfigurationPlatforms) = preSolution
		Debug|Any CPU = Debug|Any CPU
		Release|Any CPU = Release|Any CPU
	EndGlobalSection
	GlobalSection(ProjectConfigurationPlatforms) = postSolution
		{B41B3FF7-78E7-41A5-A4CD-F655B5377F76}.Debug|Any CPU.ActiveCfg = Debug|Any CPU
		{B41B3FF7-78E7-41A5-A4CD-F655B5377F76}.Debug|Any CPU.Build.0 = Debug|Any CPU
		{B41B3FF7-78E7-41A5-A4CD-F655B5377F76}.Release|Any CPU.ActiveCfg = Release|Any CPU
		{B41B3FF7-78E7-41A5-A4CD-F655B5377F76}.Release|Any CPU.Build.0 = Release|Any CPU
	EndGlobalSection
	GlobalSection(SolutionProperties) = preSolution
		HideSolutionNode = FALSE
	EndGlobalSection
	GlobalSection(ExtensibilityGlobals) = postSolution
		SolutionGuid = {88D38828-DA3C-4E19-B715-8C7CAB046E4C}
	EndGlobalSection
EndGlobal
